
Microsoft Visual Studio Solution File, Format Version 12.00
# Visual Studio Version 17
VisualStudioVersion = 17.3.32922.545
MinimumVisualStudioVersion = 10.0.40219.1
Project("{8BC9CEB8-8B4A-11D0-8D11-00A0C91BC942}") = "assignment3", "assignment3\assignment3.vcxproj", "{FEA5E1FD-A40C-4D7C-93D7-3D5A37222CC8}"
EndProject
Global
	GlobalSection(SolutionConfigurationPlatforms) = preSolution
		Debug|x64 = Debug|x64
		Debug|x86 = Debug|x86
		Release|x64 = Release|x64
		Release|x86 = Release|x86
	EndGlobalSection
	GlobalSection(ProjectConfigurationPlatforms) = postSolution
		{FEA5E1FD-A40C-4D7C-93D7-3D5A37222CC8}.Debug|x64.ActiveCfg = Debug|x64
		{FEA5E1FD-A40C-4D7C-93D7-3D5A37222CC8}.Debug|x64.Build.0 = Debug|x64
		{FEA5E1FD-A40C-4D7C-93D7-3D5A37222CC8}.Debug|x86.ActiveCfg = Debug|Win32
		{FEA5E1FD-A40C-4D7C-93D7-3D5A37222CC8}.Debug|x86.Build.0 = Debug|Win32
		{FEA5E1FD-A40C-4D7C-93D7-3D5A37222CC8}.Release|x64.ActiveCfg = Release|x64
		{FEA5E1FD-A40C-4D7C-93D7-3D5A37222CC8}.Release|x64.Build.0 = Release|x64
		{FEA5E1FD-A40C-4D7C-93D7-3D5A37222CC8}.Release|x86.ActiveCfg = Release|Win32
		{FEA5E1FD-A40C-4D7C-93D7-3D5A37222CC8}.Release|x86.Build.0 = Release|Win32
	EndGlobalSection
	GlobalSection(SolutionProperties) = preSolution
		HideSolutionNode = FALSE
	EndGlobalSection
	GlobalSection(ExtensibilityGlobals) = postSolution
		SolutionGuid = {6F3394CD-98D5-44FA-8400-227CB0F396D8}
	EndGlobalSection
EndGlobal
