
Microsoft Visual Studio Solution File, Format Version 12.00
# Visual Studio Version 17
VisualStudioVersion = 17.3.32922.545
MinimumVisualStudioVersion = 10.0.40219.1
Project("{8BC9CEB8-8B4A-11D0-8D11-00A0C91BC942}") = "dsassignment2", "dsassignment2\dsassignment2.vcxproj", "{581FEBDE-F239-43E1-9EC1-EE0461B6BF31}"
EndProject
Global
	GlobalSection(SolutionConfigurationPlatforms) = preSolution
		Debug|x64 = Debug|x64
		Debug|x86 = Debug|x86
		Release|x64 = Release|x64
		Release|x86 = Release|x86
	EndGlobalSection
	GlobalSection(ProjectConfigurationPlatforms) = postSolution
		{581FEBDE-F239-43E1-9EC1-EE0461B6BF31}.Debug|x64.ActiveCfg = Debug|x64
		{581FEBDE-F239-43E1-9EC1-EE0461B6BF31}.Debug|x64.Build.0 = Debug|x64
		{581FEBDE-F239-43E1-9EC1-EE0461B6BF31}.Debug|x86.ActiveCfg = Debug|Win32
		{581FEBDE-F239-43E1-9EC1-EE0461B6BF31}.Debug|x86.Build.0 = Debug|Win32
		{581FEBDE-F239-43E1-9EC1-EE0461B6BF31}.Release|x64.ActiveCfg = Release|x64
		{581FEBDE-F239-43E1-9EC1-EE0461B6BF31}.Release|x64.Build.0 = Release|x64
		{581FEBDE-F239-43E1-9EC1-EE0461B6BF31}.Release|x86.ActiveCfg = Release|Win32
		{581FEBDE-F239-43E1-9EC1-EE0461B6BF31}.Release|x86.Build.0 = Release|Win32
	EndGlobalSection
	GlobalSection(SolutionProperties) = preSolution
		HideSolutionNode = FALSE
	EndGlobalSection
	GlobalSection(ExtensibilityGlobals) = postSolution
		SolutionGuid = {F104A7C4-E72D-440B-93E1-59A564F50055}
	EndGlobalSection
EndGlobal
