
Microsoft Visual Studio Solution File, Format Version 12.00
# Visual Studio Version 17
VisualStudioVersion = 17.3.32922.545
MinimumVisualStudioVersion = 10.0.40219.1
Project("{8BC9CEB8-8B4A-11D0-8D11-00A0C91BC942}") = "assignment8", "assignment8\assignment8.vcxproj", "{EA813E29-2E91-4170-A36C-4F0342106B1B}"
EndProject
Global
	GlobalSection(SolutionConfigurationPlatforms) = preSolution
		Debug|x64 = Debug|x64
		Debug|x86 = Debug|x86
		Release|x64 = Release|x64
		Release|x86 = Release|x86
	EndGlobalSection
	GlobalSection(ProjectConfigurationPlatforms) = postSolution
		{EA813E29-2E91-4170-A36C-4F0342106B1B}.Debug|x64.ActiveCfg = Debug|x64
		{EA813E29-2E91-4170-A36C-4F0342106B1B}.Debug|x64.Build.0 = Debug|x64
		{EA813E29-2E91-4170-A36C-4F0342106B1B}.Debug|x86.ActiveCfg = Debug|Win32
		{EA813E29-2E91-4170-A36C-4F0342106B1B}.Debug|x86.Build.0 = Debug|Win32
		{EA813E29-2E91-4170-A36C-4F0342106B1B}.Release|x64.ActiveCfg = Release|x64
		{EA813E29-2E91-4170-A36C-4F0342106B1B}.Release|x64.Build.0 = Release|x64
		{EA813E29-2E91-4170-A36C-4F0342106B1B}.Release|x86.ActiveCfg = Release|Win32
		{EA813E29-2E91-4170-A36C-4F0342106B1B}.Release|x86.Build.0 = Release|Win32
	EndGlobalSection
	GlobalSection(SolutionProperties) = preSolution
		HideSolutionNode = FALSE
	EndGlobalSection
	GlobalSection(ExtensibilityGlobals) = postSolution
		SolutionGuid = {5E75B1AF-A2BE-47DC-B12D-A1C6BA41864A}
	EndGlobalSection
EndGlobal
