
Microsoft Visual Studio Solution File, Format Version 12.00
# Visual Studio Version 17
VisualStudioVersion = 17.3.32922.545
MinimumVisualStudioVersion = 10.0.40219.1
Project("{8BC9CEB8-8B4A-11D0-8D11-00A0C91BC942}") = "file handling", "file handling\file handling.vcxproj", "{C92D8A38-0499-4EF3-8924-213B010DC90C}"
EndProject
Global
	GlobalSection(SolutionConfigurationPlatforms) = preSolution
		Debug|x64 = Debug|x64
		Debug|x86 = Debug|x86
		Release|x64 = Release|x64
		Release|x86 = Release|x86
	EndGlobalSection
	GlobalSection(ProjectConfigurationPlatforms) = postSolution
		{C92D8A38-0499-4EF3-8924-213B010DC90C}.Debug|x64.ActiveCfg = Debug|x64
		{C92D8A38-0499-4EF3-8924-213B010DC90C}.Debug|x64.Build.0 = Debug|x64
		{C92D8A38-0499-4EF3-8924-213B010DC90C}.Debug|x86.ActiveCfg = Debug|Win32
		{C92D8A38-0499-4EF3-8924-213B010DC90C}.Debug|x86.Build.0 = Debug|Win32
		{C92D8A38-0499-4EF3-8924-213B010DC90C}.Release|x64.ActiveCfg = Release|x64
		{C92D8A38-0499-4EF3-8924-213B010DC90C}.Release|x64.Build.0 = Release|x64
		{C92D8A38-0499-4EF3-8924-213B010DC90C}.Release|x86.ActiveCfg = Release|Win32
		{C92D8A38-0499-4EF3-8924-213B010DC90C}.Release|x86.Build.0 = Release|Win32
	EndGlobalSection
	GlobalSection(SolutionProperties) = preSolution
		HideSolutionNode = FALSE
	EndGlobalSection
	GlobalSection(ExtensibilityGlobals) = postSolution
		SolutionGuid = {FB4B136D-93D0-4319-B17F-9BB7B4705D49}
	EndGlobalSection
EndGlobal
